
Microsoft Visual Studio Solution File, Format Version 12.00
# Visual Studio Version 16
VisualStudioVersion = 16.0.29509.3
MinimumVisualStudioVersion = 10.0.40219.1
Project("{FAE04EC0-301F-11D3-BF4B-00C04F79EFBC}") = "WebsiteBanHang", "WebsiteBanHang\WebsiteBanHang.csproj", "{15C81AA8-BE62-4469-8E46-022AB5446E33}"
EndProject
Global
	GlobalSection(SolutionConfigurationPlatforms) = preSolution
		Debug|Any CPU = Debug|Any CPU
		Release|Any CPU = Release|Any CPU
	EndGlobalSection
	GlobalSection(ProjectConfigurationPlatforms) = postSolution
		{15C81AA8-BE62-4469-8E46-022AB5446E33}.Debug|Any CPU.ActiveCfg = Debug|Any CPU
		{15C81AA8-BE62-4469-8E46-022AB5446E33}.Debug|Any CPU.Build.0 = Debug|Any CPU
		{15C81AA8-BE62-4469-8E46-022AB5446E33}.Release|Any CPU.ActiveCfg = Release|Any CPU
		{15C81AA8-BE62-4469-8E46-022AB5446E33}.Release|Any CPU.Build.0 = Release|Any CPU
	EndGlobalSection
	GlobalSection(SolutionProperties) = preSolution
		HideSolutionNode = FALSE
	EndGlobalSection
	GlobalSection(ExtensibilityGlobals) = postSolution
		SolutionGuid = {E4CFFD18-845B-41DC-A195-C3293E90BEC1}
	EndGlobalSection
EndGlobal
